
Microsoft Visual Studio Solution File, Format Version 12.00
# Visual Studio 15
VisualStudioVersion = 15.0.28010.2050
MinimumVisualStudioVersion = 10.0.40219.1
Project("{FAE04EC0-301F-11D3-BF4B-00C04F79EFBC}") = "IndividualAssignment1", "IndividualAssignment1\IndividualAssignment1.csproj", "{0AD34C26-B3B5-4B23-A7F7-826A16A7A68B}"
EndProject
Project("{FAE04EC0-301F-11D3-BF4B-00C04F79EFBC}") = "FinalProjectTest", "FinalProjectTest\FinalProjectTest.csproj", "{AC00388C-91E0-4614-B1BE-FF55C350BB1D}"
EndProject
Global
	GlobalSection(SolutionConfigurationPlatforms) = preSolution
		Debug|Any CPU = Debug|Any CPU
		Release|Any CPU = Release|Any CPU
	EndGlobalSection
	GlobalSection(ProjectConfigurationPlatforms) = postSolution
		{0AD34C26-B3B5-4B23-A7F7-826A16A7A68B}.Debug|Any CPU.ActiveCfg = Debug|Any CPU
		{0AD34C26-B3B5-4B23-A7F7-826A16A7A68B}.Debug|Any CPU.Build.0 = Debug|Any CPU
		{0AD34C26-B3B5-4B23-A7F7-826A16A7A68B}.Release|Any CPU.ActiveCfg = Release|Any CPU
		{0AD34C26-B3B5-4B23-A7F7-826A16A7A68B}.Release|Any CPU.Build.0 = Release|Any CPU
		{AC00388C-91E0-4614-B1BE-FF55C350BB1D}.Debug|Any CPU.ActiveCfg = Debug|Any CPU
		{AC00388C-91E0-4614-B1BE-FF55C350BB1D}.Debug|Any CPU.Build.0 = Debug|Any CPU
		{AC00388C-91E0-4614-B1BE-FF55C350BB1D}.Release|Any CPU.ActiveCfg = Release|Any CPU
		{AC00388C-91E0-4614-B1BE-FF55C350BB1D}.Release|Any CPU.Build.0 = Release|Any CPU
	EndGlobalSection
	GlobalSection(SolutionProperties) = preSolution
		HideSolutionNode = FALSE
	EndGlobalSection
	GlobalSection(ExtensibilityGlobals) = postSolution
		SolutionGuid = {198BFDA0-B5F2-40A4-B82B-7BB38CF204F9}
	EndGlobalSection
EndGlobal
